
Microsoft Visual Studio Solution File, Format Version 12.00
# Visual Studio 15
VisualStudioVersion = 15.0.27130.2010
MinimumVisualStudioVersion = 10.0.40219.1
Project("{9A19103F-16F7-4668-BE54-9A1E7A4F7556}") = "SDSComApps", "sdscom-author\SDSComApps.csproj", "{39191CB1-EC09-491D-A064-7B22AB55B75B}"
EndProject
Project("{2150E333-8FDC-42A3-9474-1A3956D46DE8}") = "Solution Items", "Solution Items", "{58B4B10E-BF94-4F23-8E97-151108CF27E9}"
EndProject
Project("{FAE04EC0-301F-11D3-BF4B-00C04F79EFBC}") = "SDSComAppsTestProject", "SDSComAppsTestProject\SDSComAppsTestProject.csproj", "{F277EFE1-D8C7-46B8-BE64-D3D4D9152679}"
EndProject
Global
	GlobalSection(SolutionConfigurationPlatforms) = preSolution
		Debug|Any CPU = Debug|Any CPU
		Release|Any CPU = Release|Any CPU
	EndGlobalSection
	GlobalSection(ProjectConfigurationPlatforms) = postSolution
		{39191CB1-EC09-491D-A064-7B22AB55B75B}.Debug|Any CPU.ActiveCfg = Debug|Any CPU
		{39191CB1-EC09-491D-A064-7B22AB55B75B}.Debug|Any CPU.Build.0 = Debug|Any CPU
		{39191CB1-EC09-491D-A064-7B22AB55B75B}.Release|Any CPU.ActiveCfg = Release|Any CPU
		{39191CB1-EC09-491D-A064-7B22AB55B75B}.Release|Any CPU.Build.0 = Release|Any CPU
		{F277EFE1-D8C7-46B8-BE64-D3D4D9152679}.Debug|Any CPU.ActiveCfg = Debug|Any CPU
		{F277EFE1-D8C7-46B8-BE64-D3D4D9152679}.Debug|Any CPU.Build.0 = Debug|Any CPU
		{F277EFE1-D8C7-46B8-BE64-D3D4D9152679}.Release|Any CPU.ActiveCfg = Release|Any CPU
		{F277EFE1-D8C7-46B8-BE64-D3D4D9152679}.Release|Any CPU.Build.0 = Release|Any CPU
	EndGlobalSection
	GlobalSection(SolutionProperties) = preSolution
		HideSolutionNode = FALSE
	EndGlobalSection
	GlobalSection(ExtensibilityGlobals) = postSolution
		SolutionGuid = {AAE8456C-1190-49AD-BBA6-C09C95D082F9}
	EndGlobalSection
EndGlobal
